
Microsoft Visual Studio Solution File, Format Version 12.00
# Visual Studio Version 16
VisualStudioVersion = 16.0.31321.278
MinimumVisualStudioVersion = 10.0.40219.1
Project("{FAE04EC0-301F-11D3-BF4B-00C04F79EFBC}") = "FFXI INFO", "FFXI INFO.csproj", "{EA74812F-42E1-4719-BB6D-A9A3FF501A31}"
EndProject
Global
	GlobalSection(SolutionConfigurationPlatforms) = preSolution
		Debug|Any CPU = Debug|Any CPU
		Release|Any CPU = Release|Any CPU
	EndGlobalSection
	GlobalSection(ProjectConfigurationPlatforms) = postSolution
		{EA74812F-42E1-4719-BB6D-A9A3FF501A31}.Debug|Any CPU.ActiveCfg = Debug|Any CPU
		{EA74812F-42E1-4719-BB6D-A9A3FF501A31}.Debug|Any CPU.Build.0 = Debug|Any CPU
		{EA74812F-42E1-4719-BB6D-A9A3FF501A31}.Release|Any CPU.ActiveCfg = Release|Any CPU
		{EA74812F-42E1-4719-BB6D-A9A3FF501A31}.Release|Any CPU.Build.0 = Release|Any CPU
	EndGlobalSection
	GlobalSection(SolutionProperties) = preSolution
		HideSolutionNode = FALSE
	EndGlobalSection
	GlobalSection(ExtensibilityGlobals) = postSolution
		SolutionGuid = {63B69ED4-0D6A-4F8F-AE81-12508414D9A0}
	EndGlobalSection
EndGlobal
